
Microsoft Visual Studio Solution File, Format Version 12.00
# Visual Studio 2013
VisualStudioVersion = 12.0.40629.0
MinimumVisualStudioVersion = 10.0.40219.1
Project("{FAE04EC0-301F-11D3-BF4B-00C04F79EFBC}") = "UpgradingLegacyApplication.Api", "UpgradingLegacyApplication.Api\UpgradingLegacyApplication.Api.csproj", "{B213EC16-C441-41F8-AC38-7D0D751837C4}"
EndProject
Project("{FAE04EC0-301F-11D3-BF4B-00C04F79EFBC}") = "UpgradingLegacyApplication.Tests", "UpgradingLegacyApplication.Tests\UpgradingLegacyApplication.Tests.csproj", "{A4ED7AD4-D0B8-4571-9B02-173071963A38}"
EndProject
Project("{2150E333-8FDC-42A3-9474-1A3956D46DE8}") = "Legacy", "Legacy", "{F4A3ED99-E86B-4098-9589-2284BA6D4D81}"
EndProject
Project("{2150E333-8FDC-42A3-9474-1A3956D46DE8}") = "Refactoring", "Refactoring", "{7AB3D408-8696-4EC9-B2E4-3E558460BFD0}"
EndProject
Project("{2150E333-8FDC-42A3-9474-1A3956D46DE8}") = "Upgraded", "Upgraded", "{170A34BE-11F5-45CC-9984-BB2D6CC65AFD}"
EndProject
Project("{FAE04EC0-301F-11D3-BF4B-00C04F79EFBC}") = "NewApplication.Database", "NewApplication.Database\NewApplication.Database.csproj", "{82B9F5BD-3BAF-4BC2-AB9D-70954A78A2E0}"
EndProject
Project("{FAE04EC0-301F-11D3-BF4B-00C04F79EFBC}") = "NewApplication.Api", "NewApplication.Api\NewApplication.Api.csproj", "{26046C29-6751-4083-876A-55A2F420BB6F}"
EndProject
Project("{FAE04EC0-301F-11D3-BF4B-00C04F79EFBC}") = "NewApplication.Tests", "NewApplication.Tests\NewApplication.Tests.csproj", "{B6379A4E-0C5A-45B2-A3DA-4568E448F9AC}"
EndProject
Global
	GlobalSection(SolutionConfigurationPlatforms) = preSolution
		Debug|Any CPU = Debug|Any CPU
		Release|Any CPU = Release|Any CPU
	EndGlobalSection
	GlobalSection(ProjectConfigurationPlatforms) = postSolution
		{B213EC16-C441-41F8-AC38-7D0D751837C4}.Debug|Any CPU.ActiveCfg = Debug|Any CPU
		{B213EC16-C441-41F8-AC38-7D0D751837C4}.Debug|Any CPU.Build.0 = Debug|Any CPU
		{B213EC16-C441-41F8-AC38-7D0D751837C4}.Release|Any CPU.ActiveCfg = Release|Any CPU
		{B213EC16-C441-41F8-AC38-7D0D751837C4}.Release|Any CPU.Build.0 = Release|Any CPU
		{A4ED7AD4-D0B8-4571-9B02-173071963A38}.Debug|Any CPU.ActiveCfg = Debug|Any CPU
		{A4ED7AD4-D0B8-4571-9B02-173071963A38}.Debug|Any CPU.Build.0 = Debug|Any CPU
		{A4ED7AD4-D0B8-4571-9B02-173071963A38}.Release|Any CPU.ActiveCfg = Release|Any CPU
		{A4ED7AD4-D0B8-4571-9B02-173071963A38}.Release|Any CPU.Build.0 = Release|Any CPU
		{82B9F5BD-3BAF-4BC2-AB9D-70954A78A2E0}.Debug|Any CPU.ActiveCfg = Debug|Any CPU
		{82B9F5BD-3BAF-4BC2-AB9D-70954A78A2E0}.Debug|Any CPU.Build.0 = Debug|Any CPU
		{82B9F5BD-3BAF-4BC2-AB9D-70954A78A2E0}.Release|Any CPU.ActiveCfg = Release|Any CPU
		{82B9F5BD-3BAF-4BC2-AB9D-70954A78A2E0}.Release|Any CPU.Build.0 = Release|Any CPU
		{26046C29-6751-4083-876A-55A2F420BB6F}.Debug|Any CPU.ActiveCfg = Debug|Any CPU
		{26046C29-6751-4083-876A-55A2F420BB6F}.Debug|Any CPU.Build.0 = Debug|Any CPU
		{26046C29-6751-4083-876A-55A2F420BB6F}.Release|Any CPU.ActiveCfg = Release|Any CPU
		{26046C29-6751-4083-876A-55A2F420BB6F}.Release|Any CPU.Build.0 = Release|Any CPU
		{B6379A4E-0C5A-45B2-A3DA-4568E448F9AC}.Debug|Any CPU.ActiveCfg = Debug|Any CPU
		{B6379A4E-0C5A-45B2-A3DA-4568E448F9AC}.Debug|Any CPU.Build.0 = Debug|Any CPU
		{B6379A4E-0C5A-45B2-A3DA-4568E448F9AC}.Release|Any CPU.ActiveCfg = Release|Any CPU
		{B6379A4E-0C5A-45B2-A3DA-4568E448F9AC}.Release|Any CPU.Build.0 = Release|Any CPU
	EndGlobalSection
	GlobalSection(SolutionProperties) = preSolution
		HideSolutionNode = FALSE
	EndGlobalSection
	GlobalSection(NestedProjects) = preSolution
		{B213EC16-C441-41F8-AC38-7D0D751837C4} = {F4A3ED99-E86B-4098-9589-2284BA6D4D81}
		{A4ED7AD4-D0B8-4571-9B02-173071963A38} = {F4A3ED99-E86B-4098-9589-2284BA6D4D81}
		{82B9F5BD-3BAF-4BC2-AB9D-70954A78A2E0} = {170A34BE-11F5-45CC-9984-BB2D6CC65AFD}
		{26046C29-6751-4083-876A-55A2F420BB6F} = {170A34BE-11F5-45CC-9984-BB2D6CC65AFD}
		{B6379A4E-0C5A-45B2-A3DA-4568E448F9AC} = {170A34BE-11F5-45CC-9984-BB2D6CC65AFD}
	EndGlobalSection
EndGlobal
