
Microsoft Visual Studio Solution File, Format Version 12.00
# Visual Studio 2013
VisualStudioVersion = 12.0.40629.0
MinimumVisualStudioVersion = 10.0.40219.1
Project("{FAE04EC0-301F-11D3-BF4B-00C04F79EFBC}") = "UpgradingLegacyApplication.Api", "UpgradingLegacyApplication\UpgradingLegacyApplication.Api.csproj", "{B213EC16-C441-41F8-AC38-7D0D751837C4}"
EndProject
Project("{FAE04EC0-301F-11D3-BF4B-00C04F79EFBC}") = "UpgradingLegacyApplication.Tests", "UpgradingLegacyApplication.Tests\UpgradingLegacyApplication.Tests.csproj", "{A4ED7AD4-D0B8-4571-9B02-173071963A38}"
EndProject
Project("{FAE04EC0-301F-11D3-BF4B-00C04F79EFBC}") = "UpgradingLegacyApplication.Database", "UpgradingLegacyApplication.Database\UpgradingLegacyApplication.Database.csproj", "{31C50FEC-EE6C-4949-B578-1E785C0FEF76}"
EndProject
Project("{2150E333-8FDC-42A3-9474-1A3956D46DE8}") = "Legacy", "Legacy", "{F4A3ED99-E86B-4098-9589-2284BA6D4D81}"
EndProject
Project("{2150E333-8FDC-42A3-9474-1A3956D46DE8}") = "Refactoring", "Refactoring", "{7AB3D408-8696-4EC9-B2E4-3E558460BFD0}"
EndProject
Project("{2150E333-8FDC-42A3-9474-1A3956D46DE8}") = "Solution", "Solution", "{170A34BE-11F5-45CC-9984-BB2D6CC65AFD}"
EndProject
Global
	GlobalSection(SolutionConfigurationPlatforms) = preSolution
		Debug|Any CPU = Debug|Any CPU
		Release|Any CPU = Release|Any CPU
	EndGlobalSection
	GlobalSection(ProjectConfigurationPlatforms) = postSolution
		{B213EC16-C441-41F8-AC38-7D0D751837C4}.Debug|Any CPU.ActiveCfg = Debug|Any CPU
		{B213EC16-C441-41F8-AC38-7D0D751837C4}.Debug|Any CPU.Build.0 = Debug|Any CPU
		{B213EC16-C441-41F8-AC38-7D0D751837C4}.Release|Any CPU.ActiveCfg = Release|Any CPU
		{B213EC16-C441-41F8-AC38-7D0D751837C4}.Release|Any CPU.Build.0 = Release|Any CPU
		{A4ED7AD4-D0B8-4571-9B02-173071963A38}.Debug|Any CPU.ActiveCfg = Debug|Any CPU
		{A4ED7AD4-D0B8-4571-9B02-173071963A38}.Debug|Any CPU.Build.0 = Debug|Any CPU
		{A4ED7AD4-D0B8-4571-9B02-173071963A38}.Release|Any CPU.ActiveCfg = Release|Any CPU
		{A4ED7AD4-D0B8-4571-9B02-173071963A38}.Release|Any CPU.Build.0 = Release|Any CPU
		{31C50FEC-EE6C-4949-B578-1E785C0FEF76}.Debug|Any CPU.ActiveCfg = Debug|Any CPU
		{31C50FEC-EE6C-4949-B578-1E785C0FEF76}.Debug|Any CPU.Build.0 = Debug|Any CPU
		{31C50FEC-EE6C-4949-B578-1E785C0FEF76}.Release|Any CPU.ActiveCfg = Release|Any CPU
		{31C50FEC-EE6C-4949-B578-1E785C0FEF76}.Release|Any CPU.Build.0 = Release|Any CPU
	EndGlobalSection
	GlobalSection(SolutionProperties) = preSolution
		HideSolutionNode = FALSE
	EndGlobalSection
	GlobalSection(NestedProjects) = preSolution
		{B213EC16-C441-41F8-AC38-7D0D751837C4} = {F4A3ED99-E86B-4098-9589-2284BA6D4D81}
		{A4ED7AD4-D0B8-4571-9B02-173071963A38} = {F4A3ED99-E86B-4098-9589-2284BA6D4D81}
		{31C50FEC-EE6C-4949-B578-1E785C0FEF76} = {170A34BE-11F5-45CC-9984-BB2D6CC65AFD}
	EndGlobalSection
EndGlobal
